
Microsoft Visual Studio Solution File, Format Version 12.00
# Visual Studio Version 16
VisualStudioVersion = 16.0.32002.261
MinimumVisualStudioVersion = 10.0.40219.1
Project("{FAE04EC0-301F-11D3-BF4B-00C04F79EFBC}") = "Movies", "Movies\Movies.csproj", "{D9632EF8-6B48-492B-A7CD-9F3DDEF9A7F3}"
EndProject
Global
	GlobalSection(SolutionConfigurationPlatforms) = preSolution
		Debug|Any CPU = Debug|Any CPU
		Release|Any CPU = Release|Any CPU
	EndGlobalSection
	GlobalSection(ProjectConfigurationPlatforms) = postSolution
		{D9632EF8-6B48-492B-A7CD-9F3DDEF9A7F3}.Debug|Any CPU.ActiveCfg = Debug|Any CPU
		{D9632EF8-6B48-492B-A7CD-9F3DDEF9A7F3}.Debug|Any CPU.Build.0 = Debug|Any CPU
		{D9632EF8-6B48-492B-A7CD-9F3DDEF9A7F3}.Release|Any CPU.ActiveCfg = Release|Any CPU
		{D9632EF8-6B48-492B-A7CD-9F3DDEF9A7F3}.Release|Any CPU.Build.0 = Release|Any CPU
	EndGlobalSection
	GlobalSection(SolutionProperties) = preSolution
		HideSolutionNode = FALSE
	EndGlobalSection
	GlobalSection(ExtensibilityGlobals) = postSolution
		SolutionGuid = {894FCFD5-450C-48B5-B1AE-A03568A849C0}
	EndGlobalSection
EndGlobal
